<?xml version="1.0" encoding="utf-8"?>
<Project ToolsVersion="4.0" xmlns="http://schemas.microsoft.com/developer/msbuild/2003">
  <ItemGroup>
    <Filter Include="Source Files">
      <UniqueIdentifier>{4FC737F1-C7A5-4376-A066-2A32D752A2FF}</UniqueIdentifier>
      <Extensions>cpp;c;cc;cxx;c++;cppm;ixx;def;odl;idl;hpj;bat;asm;asmx</Extensions>
    </Filter>
    <Filter Include="Header Files">
      <UniqueIdentifier>{93995380-89BD-4b04-88EB-625FBE52EBFB}</UniqueIdentifier>
      <Extensions>h;hh;hpp;hxx;h++;hm;inl;inc;ipp;xsd</Extensions>
    </Filter>
    <Filter Include="Resource Files">
      <UniqueIdentifier>{67DA6AB6-F800-4c08-8B7A-83BB121AAD01}</UniqueIdentifier>
      <Extensions>rc;ico;cur;bmp;dlg;rc2;rct;bin;rgs;gif;jpg;jpeg;jpe;resx;tiff;tif;png;wav;mfcribbon-ms</Extensions>
    </Filter>
    <Filter Include="Source Files\menu">
      <UniqueIdentifier>{84f9ad31-af20-4deb-9e31-fa48827d2184}</UniqueIdentifier>
    </Filter>
    <Filter Include="Source Files\cart">
      <UniqueIdentifier>{d1ad9d1e-1d49-49d9-acbe-fdb9e833e5e8}</UniqueIdentifier>
    </Filter>
    <Filter Include="Source Files\util">
      <UniqueIdentifier>{7eb191d7-36c9-4f9e-9615-4cf81cb311d7}</UniqueIdentifier>
    </Filter>
    <Filter Include="Source Files\cart\cart_actions">
      <UniqueIdentifier>{e7bc2d22-122d-4a65-879e-c76a17e264bf}</UniqueIdentifier>
    </Filter>
  </ItemGroup>
  <ItemGroup>
    <ClCompile Include="top_up.cpp">
      <Filter>Source Files</Filter>
    </ClCompile>
    <ClCompile Include="intro.cpp">
      <Filter>Source Files</Filter>
    </ClCompile>
    <ClCompile Include="register_membership.cpp">
      <Filter>Source Files</Filter>
    </ClCompile>
    <ClCompile Include="header.cpp">
      <Filter>Source Files</Filter>
    </ClCompile>
    <ClCompile Include="index.cpp">
      <Filter>Source Files</Filter>
    </ClCompile>
    <ClCompile Include="menu_entry.cpp">
      <Filter>Source Files\menu</Filter>
    </ClCompile>
    <ClCompile Include="menu_food_selection.cpp">
      <Filter>Source Files\menu</Filter>
    </ClCompile>
    <ClCompile Include="menu_options.cpp">
      <Filter>Source Files\menu</Filter>
    </ClCompile>
    <ClCompile Include="termination.cpp">
      <Filter>Source Files</Filter>
    </ClCompile>
    <ClCompile Include="cart_options.cpp">
      <Filter>Source Files\cart</Filter>
    </ClCompile>
    <ClCompile Include="cart_item_selection.cpp">
      <Filter>Source Files\cart</Filter>
    </ClCompile>
    <ClCompile Include="cart_entry.cpp">
      <Filter>Source Files\cart</Filter>
    </ClCompile>
    <ClCompile Include="option_validation.cpp">
      <Filter>Source Files\util</Filter>
    </ClCompile>
    <ClCompile Include="cart_var.h">
      <Filter>Header Files</Filter>
    </ClCompile>
    <ClCompile Include="handle_invalid.cpp">
      <Filter>Source Files\util</Filter>
    </ClCompile>
    <ClCompile Include="cart_update.cpp">
      <Filter>Source Files\cart\cart_actions</Filter>
    </ClCompile>
    <ClCompile Include="cart_delete.cpp">
      <Filter>Source Files\cart\cart_actions</Filter>
    </ClCompile>
    <ClCompile Include="cart_add.cpp">
      <Filter>Source Files\cart\cart_actions</Filter>
    </ClCompile>
    <ClCompile Include="cart_input_validation.cpp">
      <Filter>Source Files\cart\cart_actions</Filter>
    </ClCompile>
    <ClCompile Include="logo.cpp">
      <Filter>Source Files</Filter>
    </ClCompile>
    <ClCompile Include="payment_entry.cpp">
      <Filter>Source Files</Filter>
    </ClCompile>
  </ItemGroup>
  <ItemGroup>
    <ClInclude Include="menu_var.h">
      <Filter>Header Files</Filter>
    </ClInclude>
  </ItemGroup>
</Project>